// !$*UTF8*$!
{
	archiveVersion = 1;
	classes = {
	};
	objectVersion = 55;
	objects = {

/* Begin PBXBuildFile section */
		A21F489127CFE99900A2F623 /* stonksProfitCalculatorApp.swift in Sources */ = {isa = PBXBuildFile; fileRef = A21F489027CFE99900A2F623 /* stonksProfitCalculatorApp.swift */; };
		A21F489327CFE99900A2F623 /* ContentView.swift in Sources */ = {isa = PBXBuildFile; fileRef = A21F489227CFE99900A2F623 /* ContentView.swift */; };
		A21F489527CFE99C00A2F623 /* Assets.xcassets in Resources */ = {isa = PBXBuildFile; fileRef = A21F489427CFE99C00A2F623 /* Assets.xcassets */; };
		A21F489827CFE99C00A2F623 /* Preview Assets.xcassets in Resources */ = {isa = PBXBuildFile; fileRef = A21F489727CFE99C00A2F623 /* Preview Assets.xcassets */; };
		A2313FCB27E8630D006F9F0C /* Localizable.strings in Resources */ = {isa = PBXBuildFile; fileRef = A2313FCD27E8630D006F9F0C /* Localizable.strings */; };
		A2313FDF27E9A9DF006F9F0C /* TextFieldClearButton.swift in Sources */ = {isa = PBXBuildFile; fileRef = A2313FDE27E9A9DF006F9F0C /* TextFieldClearButton.swift */; };
		A2313FE127E9AA66006F9F0C /* Title-Modifier.swift in Sources */ = {isa = PBXBuildFile; fileRef = A2313FE027E9AA66006F9F0C /* Title-Modifier.swift */; };
		A2313FE327E9AB4F006F9F0C /* SettingsView.swift in Sources */ = {isa = PBXBuildFile; fileRef = A2313FE227E9AB4F006F9F0C /* SettingsView.swift */; };
		A23E3D2829BE4F4000407CDC /* View.swift in Sources */ = {isa = PBXBuildFile; fileRef = A23E3D2729BE4F4000407CDC /* View.swift */; };
		A244E996280DE09000F0044A /* Text-Modifier.swift in Sources */ = {isa = PBXBuildFile; fileRef = A244E995280DE09000F0044A /* Text-Modifier.swift */; };
		A244E998280DE40200F0044A /* NeuromorphismStyleButton.swift in Sources */ = {isa = PBXBuildFile; fileRef = A244E997280DE40200F0044A /* NeuromorphismStyleButton.swift */; };
		A2950B9D27E9B9E00077382C /* DifferenceView.swift in Sources */ = {isa = PBXBuildFile; fileRef = A2950B9C27E9B9E00077382C /* DifferenceView.swift */; };
		A2950B9F27E9BB510077382C /* SellPriceView.swift in Sources */ = {isa = PBXBuildFile; fileRef = A2950B9E27E9BB510077382C /* SellPriceView.swift */; };
		A2950BA927EB5B970077382C /* ConverterComa-Modifier.swift in Sources */ = {isa = PBXBuildFile; fileRef = A2950BA827EB5B970077382C /* ConverterComa-Modifier.swift */; };
		A2B50DAF27F2387E004720F4 /* Picker-Modifier.swift in Sources */ = {isa = PBXBuildFile; fileRef = A2B50DAE27F2387E004720F4 /* Picker-Modifier.swift */; };
		A2B50DB127F238D1004720F4 /* AddBuyView.swift in Sources */ = {isa = PBXBuildFile; fileRef = A2B50DB027F238D1004720F4 /* AddBuyView.swift */; };
		A2B9FAD828AE8B3900C5C10A /* EndEditing.swift in Sources */ = {isa = PBXBuildFile; fileRef = A2B9FAD728AE8B3900C5C10A /* EndEditing.swift */; };
		A2B9FADA28AED04400C5C10A /* PortfolioView.swift in Sources */ = {isa = PBXBuildFile; fileRef = A2B9FAD928AED04400C5C10A /* PortfolioView.swift */; };
		A2B9FADD28AED4B300C5C10A /* PortfolioViewModel.swift in Sources */ = {isa = PBXBuildFile; fileRef = A2B9FADC28AED4B300C5C10A /* PortfolioViewModel.swift */; };
		A2B9FAE028AF89F100C5C10A /* CoinModel.swift in Sources */ = {isa = PBXBuildFile; fileRef = A2B9FADF28AF89F100C5C10A /* CoinModel.swift */; };
		A2B9FAE328AF8A5D00C5C10A /* PortfolioContainer.xcdatamodeld in Sources */ = {isa = PBXBuildFile; fileRef = A2B9FAE128AF8A5D00C5C10A /* PortfolioContainer.xcdatamodeld */; };
		A2B9FAE728AF8ADC00C5C10A /* NetworkingManager.swift in Sources */ = {isa = PBXBuildFile; fileRef = A2B9FAE628AF8ADC00C5C10A /* NetworkingManager.swift */; };
		A2B9FAE928AF8B1B00C5C10A /* LocalFileManager.swift in Sources */ = {isa = PBXBuildFile; fileRef = A2B9FAE828AF8B1B00C5C10A /* LocalFileManager.swift */; };
		A2B9FAEB28AF8B4300C5C10A /* HapticManager.swift in Sources */ = {isa = PBXBuildFile; fileRef = A2B9FAEA28AF8B4300C5C10A /* HapticManager.swift */; };
		A2B9FAED28AF8B8000C5C10A /* CoinDataService.swift in Sources */ = {isa = PBXBuildFile; fileRef = A2B9FAEC28AF8B8000C5C10A /* CoinDataService.swift */; };
		A2B9FAEF28AF8BC100C5C10A /* CoinImageService.swift in Sources */ = {isa = PBXBuildFile; fileRef = A2B9FAEE28AF8BC100C5C10A /* CoinImageService.swift */; };
		A2B9FAF128AF8BF400C5C10A /* PortfolioDataService.swift in Sources */ = {isa = PBXBuildFile; fileRef = A2B9FAF028AF8BF400C5C10A /* PortfolioDataService.swift */; };
		A2B9FAF328AF8E3900C5C10A /* PreviewProvider.swift in Sources */ = {isa = PBXBuildFile; fileRef = A2B9FAF228AF8E3900C5C10A /* PreviewProvider.swift */; };
		A2B9FAF528AF922600C5C10A /* CoinRowView.swift in Sources */ = {isa = PBXBuildFile; fileRef = A2B9FAF428AF922600C5C10A /* CoinRowView.swift */; };
		A2B9FAF728AF926E00C5C10A /* Double.swift in Sources */ = {isa = PBXBuildFile; fileRef = A2B9FAF628AF926E00C5C10A /* Double.swift */; };
		A2B9FAF928AF92AD00C5C10A /* CoinImageView.swift in Sources */ = {isa = PBXBuildFile; fileRef = A2B9FAF828AF92AD00C5C10A /* CoinImageView.swift */; };
		A2B9FAFC28AF931900C5C10A /* CoinImageViewModel.swift in Sources */ = {isa = PBXBuildFile; fileRef = A2B9FAFB28AF931900C5C10A /* CoinImageViewModel.swift */; };
		A2B9FAFE28AF934200C5C10A /* CoinLogoView.swift in Sources */ = {isa = PBXBuildFile; fileRef = A2B9FAFD28AF934200C5C10A /* CoinLogoView.swift */; };
		A2B9FB0028AF9DCC00C5C10A /* EditPortfolioView.swift in Sources */ = {isa = PBXBuildFile; fileRef = A2B9FAFF28AF9DCC00C5C10A /* EditPortfolioView.swift */; };
		A2B9FB0228AF9E2800C5C10A /* SearchBarView.swift in Sources */ = {isa = PBXBuildFile; fileRef = A2B9FB0128AF9E2800C5C10A /* SearchBarView.swift */; };
/* End PBXBuildFile section */

/* Begin PBXFileReference section */
		A21F488D27CFE99900A2F623 /* stonksProfitCalculator.app */ = {isa = PBXFileReference; explicitFileType = wrapper.application; includeInIndex = 0; path = stonksProfitCalculator.app; sourceTree = BUILT_PRODUCTS_DIR; };
		A21F489027CFE99900A2F623 /* stonksProfitCalculatorApp.swift */ = {isa = PBXFileReference; lastKnownFileType = sourcecode.swift; path = stonksProfitCalculatorApp.swift; sourceTree = "<group>"; };
		A21F489227CFE99900A2F623 /* ContentView.swift */ = {isa = PBXFileReference; lastKnownFileType = sourcecode.swift; path = ContentView.swift; sourceTree = "<group>"; };
		A21F489427CFE99C00A2F623 /* Assets.xcassets */ = {isa = PBXFileReference; lastKnownFileType = folder.assetcatalog; path = Assets.xcassets; sourceTree = "<group>"; };
		A21F489727CFE99C00A2F623 /* Preview Assets.xcassets */ = {isa = PBXFileReference; lastKnownFileType = folder.assetcatalog; path = "Preview Assets.xcassets"; sourceTree = "<group>"; };
		A2313FCC27E8630D006F9F0C /* en */ = {isa = PBXFileReference; lastKnownFileType = text.plist.strings; name = en; path = en.lproj/Localizable.strings; sourceTree = "<group>"; };
		A2313FCE27E8630F006F9F0C /* ru */ = {isa = PBXFileReference; lastKnownFileType = text.plist.strings; name = ru; path = ru.lproj/Localizable.strings; sourceTree = "<group>"; };
		A2313FD527E88EA1006F9F0C /* uk */ = {isa = PBXFileReference; lastKnownFileType = text.plist.strings; name = uk; path = uk.lproj/Localizable.strings; sourceTree = "<group>"; };
		A2313FDE27E9A9DF006F9F0C /* TextFieldClearButton.swift */ = {isa = PBXFileReference; lastKnownFileType = sourcecode.swift; path = TextFieldClearButton.swift; sourceTree = "<group>"; };
		A2313FE027E9AA66006F9F0C /* Title-Modifier.swift */ = {isa = PBXFileReference; lastKnownFileType = sourcecode.swift; path = "Title-Modifier.swift"; sourceTree = "<group>"; };
		A2313FE227E9AB4F006F9F0C /* SettingsView.swift */ = {isa = PBXFileReference; lastKnownFileType = sourcecode.swift; path = SettingsView.swift; sourceTree = "<group>"; };
		A23E3D2729BE4F4000407CDC /* View.swift */ = {isa = PBXFileReference; lastKnownFileType = sourcecode.swift; path = View.swift; sourceTree = "<group>"; };
		A244E995280DE09000F0044A /* Text-Modifier.swift */ = {isa = PBXFileReference; lastKnownFileType = sourcecode.swift; path = "Text-Modifier.swift"; sourceTree = "<group>"; };
		A244E997280DE40200F0044A /* NeuromorphismStyleButton.swift */ = {isa = PBXFileReference; lastKnownFileType = sourcecode.swift; path = NeuromorphismStyleButton.swift; sourceTree = "<group>"; };
		A2950B9C27E9B9E00077382C /* DifferenceView.swift */ = {isa = PBXFileReference; lastKnownFileType = sourcecode.swift; path = DifferenceView.swift; sourceTree = "<group>"; };
		A2950B9E27E9BB510077382C /* SellPriceView.swift */ = {isa = PBXFileReference; lastKnownFileType = sourcecode.swift; path = SellPriceView.swift; sourceTree = "<group>"; };
		A2950BA827EB5B970077382C /* ConverterComa-Modifier.swift */ = {isa = PBXFileReference; lastKnownFileType = sourcecode.swift; path = "ConverterComa-Modifier.swift"; sourceTree = "<group>"; };
		A2B50DAE27F2387E004720F4 /* Picker-Modifier.swift */ = {isa = PBXFileReference; lastKnownFileType = sourcecode.swift; path = "Picker-Modifier.swift"; sourceTree = "<group>"; };
		A2B50DB027F238D1004720F4 /* AddBuyView.swift */ = {isa = PBXFileReference; lastKnownFileType = sourcecode.swift; path = AddBuyView.swift; sourceTree = "<group>"; };
		A2B9FAD728AE8B3900C5C10A /* EndEditing.swift */ = {isa = PBXFileReference; lastKnownFileType = sourcecode.swift; path = EndEditing.swift; sourceTree = "<group>"; };
		A2B9FAD928AED04400C5C10A /* PortfolioView.swift */ = {isa = PBXFileReference; lastKnownFileType = sourcecode.swift; path = PortfolioView.swift; sourceTree = "<group>"; };
		A2B9FADC28AED4B300C5C10A /* PortfolioViewModel.swift */ = {isa = PBXFileReference; lastKnownFileType = sourcecode.swift; path = PortfolioViewModel.swift; sourceTree = "<group>"; };
		A2B9FADF28AF89F100C5C10A /* CoinModel.swift */ = {isa = PBXFileReference; lastKnownFileType = sourcecode.swift; path = CoinModel.swift; sourceTree = "<group>"; };
		A2B9FAE228AF8A5D00C5C10A /* PortfolioContainer.xcdatamodel */ = {isa = PBXFileReference; lastKnownFileType = wrapper.xcdatamodel; path = PortfolioContainer.xcdatamodel; sourceTree = "<group>"; };
		A2B9FAE628AF8ADC00C5C10A /* NetworkingManager.swift */ = {isa = PBXFileReference; lastKnownFileType = sourcecode.swift; path = NetworkingManager.swift; sourceTree = "<group>"; };
		A2B9FAE828AF8B1B00C5C10A /* LocalFileManager.swift */ = {isa = PBXFileReference; lastKnownFileType = sourcecode.swift; path = LocalFileManager.swift; sourceTree = "<group>"; };
		A2B9FAEA28AF8B4300C5C10A /* HapticManager.swift */ = {isa = PBXFileReference; lastKnownFileType = sourcecode.swift; path = HapticManager.swift; sourceTree = "<group>"; };
		A2B9FAEC28AF8B8000C5C10A /* CoinDataService.swift */ = {isa = PBXFileReference; lastKnownFileType = sourcecode.swift; path = CoinDataService.swift; sourceTree = "<group>"; };
		A2B9FAEE28AF8BC100C5C10A /* CoinImageService.swift */ = {isa = PBXFileReference; lastKnownFileType = sourcecode.swift; path = CoinImageService.swift; sourceTree = "<group>"; };
		A2B9FAF028AF8BF400C5C10A /* PortfolioDataService.swift */ = {isa = PBXFileReference; lastKnownFileType = sourcecode.swift; path = PortfolioDataService.swift; sourceTree = "<group>"; };
		A2B9FAF228AF8E3900C5C10A /* PreviewProvider.swift */ = {isa = PBXFileReference; lastKnownFileType = sourcecode.swift; path = PreviewProvider.swift; sourceTree = "<group>"; };
		A2B9FAF428AF922600C5C10A /* CoinRowView.swift */ = {isa = PBXFileReference; lastKnownFileType = sourcecode.swift; path = CoinRowView.swift; sourceTree = "<group>"; };
		A2B9FAF628AF926E00C5C10A /* Double.swift */ = {isa = PBXFileReference; lastKnownFileType = sourcecode.swift; path = Double.swift; sourceTree = "<group>"; };
		A2B9FAF828AF92AD00C5C10A /* CoinImageView.swift */ = {isa = PBXFileReference; lastKnownFileType = sourcecode.swift; path = CoinImageView.swift; sourceTree = "<group>"; };
		A2B9FAFB28AF931900C5C10A /* CoinImageViewModel.swift */ = {isa = PBXFileReference; lastKnownFileType = sourcecode.swift; path = CoinImageViewModel.swift; sourceTree = "<group>"; };
		A2B9FAFD28AF934200C5C10A /* CoinLogoView.swift */ = {isa = PBXFileReference; lastKnownFileType = sourcecode.swift; path = CoinLogoView.swift; sourceTree = "<group>"; };
		A2B9FAFF28AF9DCC00C5C10A /* EditPortfolioView.swift */ = {isa = PBXFileReference; lastKnownFileType = sourcecode.swift; path = EditPortfolioView.swift; sourceTree = "<group>"; };
		A2B9FB0128AF9E2800C5C10A /* SearchBarView.swift */ = {isa = PBXFileReference; lastKnownFileType = sourcecode.swift; path = SearchBarView.swift; sourceTree = "<group>"; };
/* End PBXFileReference section */

/* Begin PBXFrameworksBuildPhase section */
		A21F488A27CFE99900A2F623 /* Frameworks */ = {
			isa = PBXFrameworksBuildPhase;
			buildActionMask = 2147483647;
			files = (
			);
			runOnlyForDeploymentPostprocessing = 0;
		};
/* End PBXFrameworksBuildPhase section */

/* Begin PBXGroup section */
		A21A7E4C299021F00093D8DF /* Extensions */ = {
			isa = PBXGroup;
			children = (
				A2B9FAF228AF8E3900C5C10A /* PreviewProvider.swift */,
				A2313FDE27E9A9DF006F9F0C /* TextFieldClearButton.swift */,
				A2950BA827EB5B970077382C /* ConverterComa-Modifier.swift */,
				A2B9FAD728AE8B3900C5C10A /* EndEditing.swift */,
				A2B9FAF628AF926E00C5C10A /* Double.swift */,
				A23E3D2729BE4F4000407CDC /* View.swift */,
			);
			path = Extensions;
			sourceTree = "<group>";
		};
		A21F488427CFE99900A2F623 = {
			isa = PBXGroup;
			children = (
				A21F488F27CFE99900A2F623 /* stonksProfitCalculator */,
				A21F488E27CFE99900A2F623 /* Products */,
			);
			sourceTree = "<group>";
		};
		A21F488E27CFE99900A2F623 /* Products */ = {
			isa = PBXGroup;
			children = (
				A21F488D27CFE99900A2F623 /* stonksProfitCalculator.app */,
			);
			name = Products;
			sourceTree = "<group>";
		};
		A21F488F27CFE99900A2F623 /* stonksProfitCalculator */ = {
			isa = PBXGroup;
			children = (
				A21F489027CFE99900A2F623 /* stonksProfitCalculatorApp.swift */,
				A21F489227CFE99900A2F623 /* ContentView.swift */,
				A2B9FADE28AED4FD00C5C10A /* Models */,
				A2B85E0327F4DFF4002FBB12 /* Views */,
				A2B9FADB28AED49200C5C10A /* ViewModels */,
				A2B85E0227F4DFC9002FBB12 /* Modifiers */,
				A2B9FAE528AF8AA100C5C10A /* Services */,
				A2B9FAE428AF8A9900C5C10A /* Utilities */,
				A21A7E4C299021F00093D8DF /* Extensions */,
				A2313FCD27E8630D006F9F0C /* Localizable.strings */,
				A21F489427CFE99C00A2F623 /* Assets.xcassets */,
				A21F489627CFE99C00A2F623 /* Preview Content */,
			);
			path = stonksProfitCalculator;
			sourceTree = "<group>";
		};
		A21F489627CFE99C00A2F623 /* Preview Content */ = {
			isa = PBXGroup;
			children = (
				A21F489727CFE99C00A2F623 /* Preview Assets.xcassets */,
			);
			path = "Preview Content";
			sourceTree = "<group>";
		};
		A2B85E0227F4DFC9002FBB12 /* Modifiers */ = {
			isa = PBXGroup;
			children = (
				A244E997280DE40200F0044A /* NeuromorphismStyleButton.swift */,
				A2313FE027E9AA66006F9F0C /* Title-Modifier.swift */,
				A244E995280DE09000F0044A /* Text-Modifier.swift */,
				A2B50DAE27F2387E004720F4 /* Picker-Modifier.swift */,
			);
			path = Modifiers;
			sourceTree = "<group>";
		};
		A2B85E0327F4DFF4002FBB12 /* Views */ = {
			isa = PBXGroup;
			children = (
				A2B9FAD928AED04400C5C10A /* PortfolioView.swift */,
				A2B9FAFF28AF9DCC00C5C10A /* EditPortfolioView.swift */,
				A2950B9E27E9BB510077382C /* SellPriceView.swift */,
				A2B50DB027F238D1004720F4 /* AddBuyView.swift */,
				A2950B9C27E9B9E00077382C /* DifferenceView.swift */,
				A2313FE227E9AB4F006F9F0C /* SettingsView.swift */,
				A2B9FAF428AF922600C5C10A /* CoinRowView.swift */,
				A2B9FB0128AF9E2800C5C10A /* SearchBarView.swift */,
				A2B9FAFA28AF92E400C5C10A /* CoinImage */,
			);
			path = Views;
			sourceTree = "<group>";
		};
		A2B9FADB28AED49200C5C10A /* ViewModels */ = {
			isa = PBXGroup;
			children = (
				A2B9FADC28AED4B300C5C10A /* PortfolioViewModel.swift */,
			);
			path = ViewModels;
			sourceTree = "<group>";
		};
		A2B9FADE28AED4FD00C5C10A /* Models */ = {
			isa = PBXGroup;
			children = (
				A2B9FADF28AF89F100C5C10A /* CoinModel.swift */,
				A2B9FAE128AF8A5D00C5C10A /* PortfolioContainer.xcdatamodeld */,
			);
			path = Models;
			sourceTree = "<group>";
		};
		A2B9FAE428AF8A9900C5C10A /* Utilities */ = {
			isa = PBXGroup;
			children = (
				A2B9FAE628AF8ADC00C5C10A /* NetworkingManager.swift */,
				A2B9FAE828AF8B1B00C5C10A /* LocalFileManager.swift */,
				A2B9FAEA28AF8B4300C5C10A /* HapticManager.swift */,
			);
			path = Utilities;
			sourceTree = "<group>";
		};
		A2B9FAE528AF8AA100C5C10A /* Services */ = {
			isa = PBXGroup;
			children = (
				A2B9FAEC28AF8B8000C5C10A /* CoinDataService.swift */,
				A2B9FAEE28AF8BC100C5C10A /* CoinImageService.swift */,
				A2B9FAF028AF8BF400C5C10A /* PortfolioDataService.swift */,
			);
			path = Services;
			sourceTree = "<group>";
		};
		A2B9FAFA28AF92E400C5C10A /* CoinImage */ = {
			isa = PBXGroup;
			children = (
				A2B9FAF828AF92AD00C5C10A /* CoinImageView.swift */,
				A2B9FAFB28AF931900C5C10A /* CoinImageViewModel.swift */,
				A2B9FAFD28AF934200C5C10A /* CoinLogoView.swift */,
			);
			path = CoinImage;
			sourceTree = "<group>";
		};
/* End PBXGroup section */

/* Begin PBXNativeTarget section */
		A21F488C27CFE99900A2F623 /* stonksProfitCalculator */ = {
			isa = PBXNativeTarget;
			buildConfigurationList = A21F489B27CFE99C00A2F623 /* Build configuration list for PBXNativeTarget "stonksProfitCalculator" */;
			buildPhases = (
				A21F488927CFE99900A2F623 /* Sources */,
				A21F488A27CFE99900A2F623 /* Frameworks */,
				A21F488B27CFE99900A2F623 /* Resources */,
			);
			buildRules = (
			);
			dependencies = (
			);
			name = stonksProfitCalculator;
			productName = stonksProfitCalculator;
			productReference = A21F488D27CFE99900A2F623 /* stonksProfitCalculator.app */;
			productType = "com.apple.product-type.application";
		};
/* End PBXNativeTarget section */

/* Begin PBXProject section */
		A21F488527CFE99900A2F623 /* Project object */ = {
			isa = PBXProject;
			attributes = {
				BuildIndependentTargetsInParallel = 1;
				LastSwiftUpdateCheck = 1320;
				LastUpgradeCheck = 1330;
				TargetAttributes = {
					A21F488C27CFE99900A2F623 = {
						CreatedOnToolsVersion = 13.2.1;
					};
				};
			};
			buildConfigurationList = A21F488827CFE99900A2F623 /* Build configuration list for PBXProject "stonksProfitCalculator" */;
			compatibilityVersion = "Xcode 13.0";
			developmentRegion = en;
			hasScannedForEncodings = 0;
			knownRegions = (
				en,
				ru,
				uk,
				Base,
			);
			mainGroup = A21F488427CFE99900A2F623;
			productRefGroup = A21F488E27CFE99900A2F623 /* Products */;
			projectDirPath = "";
			projectRoot = "";
			targets = (
				A21F488C27CFE99900A2F623 /* stonksProfitCalculator */,
			);
		};
/* End PBXProject section */

/* Begin PBXResourcesBuildPhase section */
		A21F488B27CFE99900A2F623 /* Resources */ = {
			isa = PBXResourcesBuildPhase;
			buildActionMask = 2147483647;
			files = (
				A21F489827CFE99C00A2F623 /* Preview Assets.xcassets in Resources */,
				A2313FCB27E8630D006F9F0C /* Localizable.strings in Resources */,
				A21F489527CFE99C00A2F623 /* Assets.xcassets in Resources */,
			);
			runOnlyForDeploymentPostprocessing = 0;
		};
/* End PBXResourcesBuildPhase section */

/* Begin PBXSourcesBuildPhase section */
		A21F488927CFE99900A2F623 /* Sources */ = {
			isa = PBXSourcesBuildPhase;
			buildActionMask = 2147483647;
			files = (
				A23E3D2829BE4F4000407CDC /* View.swift in Sources */,
				A21F489327CFE99900A2F623 /* ContentView.swift in Sources */,
				A2950B9F27E9BB510077382C /* SellPriceView.swift in Sources */,
				A2B50DAF27F2387E004720F4 /* Picker-Modifier.swift in Sources */,
				A2B9FADD28AED4B300C5C10A /* PortfolioViewModel.swift in Sources */,
				A2B9FAE328AF8A5D00C5C10A /* PortfolioContainer.xcdatamodeld in Sources */,
				A2950BA927EB5B970077382C /* ConverterComa-Modifier.swift in Sources */,
				A2B9FAF728AF926E00C5C10A /* Double.swift in Sources */,
				A2B9FB0228AF9E2800C5C10A /* SearchBarView.swift in Sources */,
				A244E996280DE09000F0044A /* Text-Modifier.swift in Sources */,
				A2313FE127E9AA66006F9F0C /* Title-Modifier.swift in Sources */,
				A2B9FAEB28AF8B4300C5C10A /* HapticManager.swift in Sources */,
				A2B9FAF528AF922600C5C10A /* CoinRowView.swift in Sources */,
				A2B9FAED28AF8B8000C5C10A /* CoinDataService.swift in Sources */,
				A2B9FADA28AED04400C5C10A /* PortfolioView.swift in Sources */,
				A2313FE327E9AB4F006F9F0C /* SettingsView.swift in Sources */,
				A2B9FAFC28AF931900C5C10A /* CoinImageViewModel.swift in Sources */,
				A2950B9D27E9B9E00077382C /* DifferenceView.swift in Sources */,
				A2B9FB0028AF9DCC00C5C10A /* EditPortfolioView.swift in Sources */,
				A2B9FAD828AE8B3900C5C10A /* EndEditing.swift in Sources */,
				A2B9FAFE28AF934200C5C10A /* CoinLogoView.swift in Sources */,
				A2B9FAF128AF8BF400C5C10A /* PortfolioDataService.swift in Sources */,
				A2B9FAE728AF8ADC00C5C10A /* NetworkingManager.swift in Sources */,
				A2313FDF27E9A9DF006F9F0C /* TextFieldClearButton.swift in Sources */,
				A244E998280DE40200F0044A /* NeuromorphismStyleButton.swift in Sources */,
				A2B50DB127F238D1004720F4 /* AddBuyView.swift in Sources */,
				A21F489127CFE99900A2F623 /* stonksProfitCalculatorApp.swift in Sources */,
				A2B9FAE028AF89F100C5C10A /* CoinModel.swift in Sources */,
				A2B9FAEF28AF8BC100C5C10A /* CoinImageService.swift in Sources */,
				A2B9FAF928AF92AD00C5C10A /* CoinImageView.swift in Sources */,
				A2B9FAE928AF8B1B00C5C10A /* LocalFileManager.swift in Sources */,
				A2B9FAF328AF8E3900C5C10A /* PreviewProvider.swift in Sources */,
			);
			runOnlyForDeploymentPostprocessing = 0;
		};
/* End PBXSourcesBuildPhase section */

/* Begin PBXVariantGroup section */
		A2313FCD27E8630D006F9F0C /* Localizable.strings */ = {
			isa = PBXVariantGroup;
			children = (
				A2313FCC27E8630D006F9F0C /* en */,
				A2313FCE27E8630F006F9F0C /* ru */,
				A2313FD527E88EA1006F9F0C /* uk */,
			);
			name = Localizable.strings;
			sourceTree = "<group>";
		};
/* End PBXVariantGroup section */

/* Begin XCBuildConfiguration section */
		A21F489927CFE99C00A2F623 /* Debug */ = {
			isa = XCBuildConfiguration;
			buildSettings = {
				ALWAYS_SEARCH_USER_PATHS = NO;
				CLANG_ANALYZER_LOCALIZABILITY_NONLOCALIZED = YES;
				CLANG_ANALYZER_NONNULL = YES;
				CLANG_ANALYZER_NUMBER_OBJECT_CONVERSION = YES_AGGRESSIVE;
				CLANG_CXX_LANGUAGE_STANDARD = "gnu++17";
				CLANG_CXX_LIBRARY = "libc++";
				CLANG_ENABLE_MODULES = YES;
				CLANG_ENABLE_OBJC_ARC = YES;
				CLANG_ENABLE_OBJC_WEAK = YES;
				CLANG_WARN_BLOCK_CAPTURE_AUTORELEASING = YES;
				CLANG_WARN_BOOL_CONVERSION = YES;
				CLANG_WARN_COMMA = YES;
				CLANG_WARN_CONSTANT_CONVERSION = YES;
				CLANG_WARN_DEPRECATED_OBJC_IMPLEMENTATIONS = YES;
				CLANG_WARN_DIRECT_OBJC_ISA_USAGE = YES_ERROR;
				CLANG_WARN_DOCUMENTATION_COMMENTS = YES;
				CLANG_WARN_EMPTY_BODY = YES;
				CLANG_WARN_ENUM_CONVERSION = YES;
				CLANG_WARN_INFINITE_RECURSION = YES;
				CLANG_WARN_INT_CONVERSION = YES;
				CLANG_WARN_NON_LITERAL_NULL_CONVERSION = YES;
				CLANG_WARN_OBJC_IMPLICIT_RETAIN_SELF = YES;
				CLANG_WARN_OBJC_LITERAL_CONVERSION = YES;
				CLANG_WARN_OBJC_ROOT_CLASS = YES_ERROR;
				CLANG_WARN_QUOTED_INCLUDE_IN_FRAMEWORK_HEADER = YES;
				CLANG_WARN_RANGE_LOOP_ANALYSIS = YES;
				CLANG_WARN_STRICT_PROTOTYPES = YES;
				CLANG_WARN_SUSPICIOUS_MOVE = YES;
				CLANG_WARN_UNGUARDED_AVAILABILITY = YES_AGGRESSIVE;
				CLANG_WARN_UNREACHABLE_CODE = YES;
				CLANG_WARN__DUPLICATE_METHOD_MATCH = YES;
				COPY_PHASE_STRIP = NO;
				DEBUG_INFORMATION_FORMAT = dwarf;
				ENABLE_STRICT_OBJC_MSGSEND = YES;
				ENABLE_TESTABILITY = YES;
				GCC_C_LANGUAGE_STANDARD = gnu11;
				GCC_DYNAMIC_NO_PIC = NO;
				GCC_NO_COMMON_BLOCKS = YES;
				GCC_OPTIMIZATION_LEVEL = 0;
				GCC_PREPROCESSOR_DEFINITIONS = (
					"DEBUG=1",
					"$(inherited)",
				);
				GCC_WARN_64_TO_32_BIT_CONVERSION = YES;
				GCC_WARN_ABOUT_RETURN_TYPE = YES_ERROR;
				GCC_WARN_UNDECLARED_SELECTOR = YES;
				GCC_WARN_UNINITIALIZED_AUTOS = YES_AGGRESSIVE;
				GCC_WARN_UNUSED_FUNCTION = YES;
				GCC_WARN_UNUSED_VARIABLE = YES;
				IPHONEOS_DEPLOYMENT_TARGET = 15.0;
				MTL_ENABLE_DEBUG_INFO = INCLUDE_SOURCE;
				MTL_FAST_MATH = YES;
				ONLY_ACTIVE_ARCH = YES;
				SDKROOT = iphoneos;
				SWIFT_ACTIVE_COMPILATION_CONDITIONS = DEBUG;
				SWIFT_OPTIMIZATION_LEVEL = "-Onone";
			};
			name = Debug;
		};
		A21F489A27CFE99C00A2F623 /* Release */ = {
			isa = XCBuildConfiguration;
			buildSettings = {
				ALWAYS_SEARCH_USER_PATHS = NO;
				CLANG_ANALYZER_LOCALIZABILITY_NONLOCALIZED = YES;
				CLANG_ANALYZER_NONNULL = YES;
				CLANG_ANALYZER_NUMBER_OBJECT_CONVERSION = YES_AGGRESSIVE;
				CLANG_CXX_LANGUAGE_STANDARD = "gnu++17";
				CLANG_CXX_LIBRARY = "libc++";
				CLANG_ENABLE_MODULES = YES;
				CLANG_ENABLE_OBJC_ARC = YES;
				CLANG_ENABLE_OBJC_WEAK = YES;
				CLANG_WARN_BLOCK_CAPTURE_AUTORELEASING = YES;
				CLANG_WARN_BOOL_CONVERSION = YES;
				CLANG_WARN_COMMA = YES;
				CLANG_WARN_CONSTANT_CONVERSION = YES;
				CLANG_WARN_DEPRECATED_OBJC_IMPLEMENTATIONS = YES;
				CLANG_WARN_DIRECT_OBJC_ISA_USAGE = YES_ERROR;
				CLANG_WARN_DOCUMENTATION_COMMENTS = YES;
				CLANG_WARN_EMPTY_BODY = YES;
				CLANG_WARN_ENUM_CONVERSION = YES;
				CLANG_WARN_INFINITE_RECURSION = YES;
				CLANG_WARN_INT_CONVERSION = YES;
				CLANG_WARN_NON_LITERAL_NULL_CONVERSION = YES;
				CLANG_WARN_OBJC_IMPLICIT_RETAIN_SELF = YES;
				CLANG_WARN_OBJC_LITERAL_CONVERSION = YES;
				CLANG_WARN_OBJC_ROOT_CLASS = YES_ERROR;
				CLANG_WARN_QUOTED_INCLUDE_IN_FRAMEWORK_HEADER = YES;
				CLANG_WARN_RANGE_LOOP_ANALYSIS = YES;
				CLANG_WARN_STRICT_PROTOTYPES = YES;
				CLANG_WARN_SUSPICIOUS_MOVE = YES;
				CLANG_WARN_UNGUARDED_AVAILABILITY = YES_AGGRESSIVE;
				CLANG_WARN_UNREACHABLE_CODE = YES;
				CLANG_WARN__DUPLICATE_METHOD_MATCH = YES;
				COPY_PHASE_STRIP = NO;
				DEBUG_INFORMATION_FORMAT = "dwarf-with-dsym";
				ENABLE_NS_ASSERTIONS = NO;
				ENABLE_STRICT_OBJC_MSGSEND = YES;
				GCC_C_LANGUAGE_STANDARD = gnu11;
				GCC_NO_COMMON_BLOCKS = YES;
				GCC_WARN_64_TO_32_BIT_CONVERSION = YES;
				GCC_WARN_ABOUT_RETURN_TYPE = YES_ERROR;
				GCC_WARN_UNDECLARED_SELECTOR = YES;
				GCC_WARN_UNINITIALIZED_AUTOS = YES_AGGRESSIVE;
				GCC_WARN_UNUSED_FUNCTION = YES;
				GCC_WARN_UNUSED_VARIABLE = YES;
				IPHONEOS_DEPLOYMENT_TARGET = 15.0;
				MTL_ENABLE_DEBUG_INFO = NO;
				MTL_FAST_MATH = YES;
				SDKROOT = iphoneos;
				SWIFT_COMPILATION_MODE = wholemodule;
				SWIFT_OPTIMIZATION_LEVEL = "-O";
				VALIDATE_PRODUCT = YES;
			};
			name = Release;
		};
		A21F489C27CFE99C00A2F623 /* Debug */ = {
			isa = XCBuildConfiguration;
			buildSettings = {
				ASSETCATALOG_COMPILER_APPICON_NAME = AppIcon;
				ASSETCATALOG_COMPILER_GLOBAL_ACCENT_COLOR_NAME = AccentColor;
				CODE_SIGN_IDENTITY = "Apple Development";
				CODE_SIGN_STYLE = Automatic;
				CURRENT_PROJECT_VERSION = 1;
				DEVELOPMENT_ASSET_PATHS = "\"stonksProfitCalculator/Preview Content\"";
				DEVELOPMENT_TEAM = 5XJCC23FML;
				ENABLE_PREVIEWS = YES;
				GENERATE_INFOPLIST_FILE = YES;
				INFOPLIST_KEY_UIApplicationSceneManifest_Generation = YES;
				INFOPLIST_KEY_UIApplicationSupportsIndirectInputEvents = YES;
				INFOPLIST_KEY_UILaunchScreen_Generation = YES;
				INFOPLIST_KEY_UISupportedInterfaceOrientations = UIInterfaceOrientationPortrait;
				INFOPLIST_KEY_UISupportedInterfaceOrientations_iPad = "UIInterfaceOrientationPortrait UIInterfaceOrientationPortraitUpsideDown UIInterfaceOrientationLandscapeLeft UIInterfaceOrientationLandscapeRight";
				INFOPLIST_KEY_UISupportedInterfaceOrientations_iPhone = "UIInterfaceOrientationPortrait UIInterfaceOrientationLandscapeLeft UIInterfaceOrientationLandscapeRight";
				IPHONEOS_DEPLOYMENT_TARGET = 15.0;
				LD_RUNPATH_SEARCH_PATHS = (
					"$(inherited)",
					"@executable_path/Frameworks",
				);
				MARKETING_VERSION = 2.1.2;
				PRODUCT_BUNDLE_IDENTIFIER = Spich.stonksProfitCalculator;
				PRODUCT_NAME = "$(TARGET_NAME)";
				PROVISIONING_PROFILE_SPECIFIER = "";
				SWIFT_EMIT_LOC_STRINGS = YES;
				SWIFT_VERSION = 5.0;
				TARGETED_DEVICE_FAMILY = "1,2";
			};
			name = Debug;
		};
		A21F489D27CFE99C00A2F623 /* Release */ = {
			isa = XCBuildConfiguration;
			buildSettings = {
				ASSETCATALOG_COMPILER_APPICON_NAME = AppIcon;
				ASSETCATALOG_COMPILER_GLOBAL_ACCENT_COLOR_NAME = AccentColor;
				CODE_SIGN_IDENTITY = "Apple Development";
				CODE_SIGN_STYLE = Automatic;
				CURRENT_PROJECT_VERSION = 1;
				DEVELOPMENT_ASSET_PATHS = "\"stonksProfitCalculator/Preview Content\"";
				DEVELOPMENT_TEAM = 5XJCC23FML;
				ENABLE_PREVIEWS = YES;
				GENERATE_INFOPLIST_FILE = YES;
				INFOPLIST_KEY_UIApplicationSceneManifest_Generation = YES;
				INFOPLIST_KEY_UIApplicationSupportsIndirectInputEvents = YES;
				INFOPLIST_KEY_UILaunchScreen_Generation = YES;
				INFOPLIST_KEY_UISupportedInterfaceOrientations = UIInterfaceOrientationPortrait;
				INFOPLIST_KEY_UISupportedInterfaceOrientations_iPad = "UIInterfaceOrientationPortrait UIInterfaceOrientationPortraitUpsideDown UIInterfaceOrientationLandscapeLeft UIInterfaceOrientationLandscapeRight";
				INFOPLIST_KEY_UISupportedInterfaceOrientations_iPhone = "UIInterfaceOrientationPortrait UIInterfaceOrientationLandscapeLeft UIInterfaceOrientationLandscapeRight";
				IPHONEOS_DEPLOYMENT_TARGET = 15.0;
				LD_RUNPATH_SEARCH_PATHS = (
					"$(inherited)",
					"@executable_path/Frameworks",
				);
				MARKETING_VERSION = 2.1.2;
				PRODUCT_BUNDLE_IDENTIFIER = Spich.stonksProfitCalculator;
				PRODUCT_NAME = "$(TARGET_NAME)";
				PROVISIONING_PROFILE_SPECIFIER = "";
				SWIFT_EMIT_LOC_STRINGS = YES;
				SWIFT_VERSION = 5.0;
				TARGETED_DEVICE_FAMILY = "1,2";
			};
			name = Release;
		};
/* End XCBuildConfiguration section */

/* Begin XCConfigurationList section */
		A21F488827CFE99900A2F623 /* Build configuration list for PBXProject "stonksProfitCalculator" */ = {
			isa = XCConfigurationList;
			buildConfigurations = (
				A21F489927CFE99C00A2F623 /* Debug */,
				A21F489A27CFE99C00A2F623 /* Release */,
			);
			defaultConfigurationIsVisible = 0;
			defaultConfigurationName = Release;
		};
		A21F489B27CFE99C00A2F623 /* Build configuration list for PBXNativeTarget "stonksProfitCalculator" */ = {
			isa = XCConfigurationList;
			buildConfigurations = (
				A21F489C27CFE99C00A2F623 /* Debug */,
				A21F489D27CFE99C00A2F623 /* Release */,
			);
			defaultConfigurationIsVisible = 0;
			defaultConfigurationName = Release;
		};
/* End XCConfigurationList section */

/* Begin XCVersionGroup section */
		A2B9FAE128AF8A5D00C5C10A /* PortfolioContainer.xcdatamodeld */ = {
			isa = XCVersionGroup;
			children = (
				A2B9FAE228AF8A5D00C5C10A /* PortfolioContainer.xcdatamodel */,
			);
			currentVersion = A2B9FAE228AF8A5D00C5C10A /* PortfolioContainer.xcdatamodel */;
			path = PortfolioContainer.xcdatamodeld;
			sourceTree = "<group>";
			versionGroupType = wrapper.xcdatamodel;
		};
/* End XCVersionGroup section */
	};
	rootObject = A21F488527CFE99900A2F623 /* Project object */;
}
